{
    "version": 3,
    "terraform_version": "0.11.7",
    "serial": 26,
    "lineage": "6fcb0fe8-7ca7-dd53-cd8a-7b025efca108",
    "modules": [
        {
            "path": [
                "root"
            ],
            "outputs": {
                "aws_ami": {
                    "sensitive": false,
                    "type": "list",
                    "value": [
                        "ami-07cf9fde3335329f0"
                    ]
                },
                "aws_subnet_ids": {
                    "sensitive": false,
                    "type": "list",
                    "value": [
                        "subnet-83e424da",
                        "subnet-b9e424e0"
                    ]
                },
                "ipaddress": {
                    "sensitive": false,
                    "type": "string",
                    "value": "34.241.14.119"
                },
                "vpc_id": {
                    "sensitive": false,
                    "type": "string",
                    "value": "vpc-bf34ffda"
                }
            },
            "resources": {
                "aws_instance.web": {
                    "type": "aws_instance",
                    "depends_on": [
                        "data.aws_ami.bastion",
                        "data.aws_subnet.test.*"
                    ],
                    "primary": {
                        "id": "i-0d2ded1e3ee62b25a",
                        "attributes": {
                            "ami": "ami-07cf9fde3335329f0",
                            "associate_public_ip_address": "true",
                            "availability_zone": "eu-west-1a",
                            "disable_api_termination": "false",
                            "ebs_block_device.#": "0",
                            "ebs_optimized": "false",
                            "ephemeral_block_device.#": "0",
                            "get_password_data": "false",
                            "iam_instance_profile": "",
                            "id": "i-0d2ded1e3ee62b25a",
                            "instance_state": "running",
                            "instance_type": "t2.micro",
                            "ipv6_addresses.#": "0",
                            "key_name": "dinky_toy",
                            "monitoring": "false",
                            "network_interface.#": "0",
                            "network_interface_id": "eni-0c18253468ea4fa30",
                            "password_data": "",
                            "placement_group": "",
                            "primary_network_interface_id": "eni-0c18253468ea4fa30",
                            "private_dns": "ip-10-140-12-127.eu-west-1.compute.internal",
                            "private_ip": "10.140.12.127",
                            "public_dns": "",
                            "public_ip": "34.241.14.119",
                            "root_block_device.#": "1",
                            "root_block_device.0.delete_on_termination": "true",
                            "root_block_device.0.iops": "100",
                            "root_block_device.0.volume_id": "vol-06accf603c8284859",
                            "root_block_device.0.volume_size": "8",
                            "root_block_device.0.volume_type": "gp2",
                            "security_groups.#": "0",
                            "source_dest_check": "true",
                            "subnet_id": "subnet-83e424da",
                            "tags.%": "1",
                            "tags.Name": "testbox",
                            "tenancy": "default",
                            "volume_tags.%": "0",
                            "vpc_security_group_ids.#": "1",
                            "vpc_security_group_ids.580495877": "sg-041c8b61"
                        },
                        "meta": {
                            "e2bfb730-ecaa-11e6-8f88-34363bc7c4c0": {
                                "create": 600000000000,
                                "delete": 1200000000000,
                                "update": 600000000000
                            },
                            "schema_version": "1"
                        },
                        "tainted": false
                    },
                    "deposed": [],
                    "provider": "provider.aws"
                },
                "data.aws_ami.bastion": {
                    "type": "aws_ami",
                    "depends_on": [],
                    "primary": {
                        "id": "ami-07cf9fde3335329f0",
                        "attributes": {
                            "architecture": "x86_64",
                            "block_device_mappings.#": "3",
                            "block_device_mappings.1634610537.device_name": "/dev/sdb",
                            "block_device_mappings.1634610537.ebs.%": "0",
                            "block_device_mappings.1634610537.no_device": "",
                            "block_device_mappings.1634610537.virtual_name": "ephemeral0",
                            "block_device_mappings.2547816212.device_name": "/dev/sda1",
                            "block_device_mappings.2547816212.ebs.%": "6",
                            "block_device_mappings.2547816212.ebs.delete_on_termination": "true",
                            "block_device_mappings.2547816212.ebs.encrypted": "false",
                            "block_device_mappings.2547816212.ebs.iops": "0",
                            "block_device_mappings.2547816212.ebs.snapshot_id": "snap-0a4fbd024efa33858",
                            "block_device_mappings.2547816212.ebs.volume_size": "8",
                            "block_device_mappings.2547816212.ebs.volume_type": "gp2",
                            "block_device_mappings.2547816212.no_device": "",
                            "block_device_mappings.2547816212.virtual_name": "",
                            "block_device_mappings.3850042718.device_name": "/dev/sdc",
                            "block_device_mappings.3850042718.ebs.%": "0",
                            "block_device_mappings.3850042718.no_device": "",
                            "block_device_mappings.3850042718.virtual_name": "ephemeral1",
                            "creation_date": "2018-08-27T11:16:40.000Z",
                            "filter.#": "2",
                            "filter.445998572.name": "name",
                            "filter.445998572.values.#": "1",
                            "filter.445998572.values.0": "stage-bastion",
                            "filter.490168357.name": "virtualization-type",
                            "filter.490168357.values.#": "1",
                            "filter.490168357.values.0": "hvm",
                            "hypervisor": "xen",
                            "id": "ami-07cf9fde3335329f0",
                            "image_id": "ami-07cf9fde3335329f0",
                            "image_location": "417034048139/stage-bastion",
                            "image_type": "machine",
                            "most_recent": "true",
                            "name": "stage-bastion",
                            "owner_id": "417034048139",
                            "owners.#": "1",
                            "owners.0": "417034048139",
                            "product_codes.#": "0",
                            "public": "false",
                            "root_device_name": "/dev/sda1",
                            "root_device_type": "ebs",
                            "root_snapshot_id": "snap-0a4fbd024efa33858",
                            "sriov_net_support": "simple",
                            "state": "available",
                            "state_reason.%": "2",
                            "state_reason.code": "UNSET",
                            "state_reason.message": "UNSET",
                            "tags.%": "2",
                            "tags.Name": "Staging Bastion",
                            "tags.OS_Version": "Ubuntu",
                            "virtualization_type": "hvm"
                        },
                        "meta": {},
                        "tainted": false
                    },
                    "deposed": [],
                    "provider": "provider.aws"
                },
                "data.aws_subnet.test.0": {
                    "type": "aws_subnet",
                    "depends_on": [
                        "data.aws_subnet_ids.test"
                    ],
                    "primary": {
                        "id": "subnet-83e424da",
                        "attributes": {
                            "assign_ipv6_address_on_creation": "false",
                            "availability_zone": "eu-west-1a",
                            "cidr_block": "10.140.0.0/20",
                            "default_for_az": "false",
                            "id": "subnet-83e424da",
                            "map_public_ip_on_launch": "false",
                            "state": "available",
                            "tags.%": "1",
                            "tags.Name": "test-eu-west-1a-web",
                            "vpc_id": "vpc-bf34ffda"
                        },
                        "meta": {},
                        "tainted": false
                    },
                    "deposed": [],
                    "provider": "provider.aws"
                },
                "data.aws_subnet.test.1": {
                    "type": "aws_subnet",
                    "depends_on": [
                        "data.aws_subnet_ids.test"
                    ],
                    "primary": {
                        "id": "subnet-b9e424e0",
                        "attributes": {
                            "assign_ipv6_address_on_creation": "false",
                            "availability_zone": "eu-west-1a",
                            "cidr_block": "10.140.128.0/20",
                            "default_for_az": "false",
                            "id": "subnet-b9e424e0",
                            "map_public_ip_on_launch": "false",
                            "state": "available",
                            "tags.%": "1",
                            "tags.Name": "test-eu-west-1a-secure",
                            "vpc_id": "vpc-bf34ffda"
                        },
                        "meta": {},
                        "tainted": false
                    },
                    "deposed": [],
                    "provider": "provider.aws"
                },
                "data.aws_subnet_ids.test": {
                    "type": "aws_subnet_ids",
                    "depends_on": [
                        "data.aws_vpc.test"
                    ],
                    "primary": {
                        "id": "vpc-bf34ffda",
                        "attributes": {
                            "id": "vpc-bf34ffda",
                            "ids.#": "2",
                            "ids.1221841333": "subnet-b9e424e0",
                            "ids.758264278": "subnet-83e424da",
                            "vpc_id": "vpc-bf34ffda"
                        },
                        "meta": {},
                        "tainted": false
                    },
                    "deposed": [],
                    "provider": "provider.aws"
                },
                "data.aws_vpc.test": {
                    "type": "aws_vpc",
                    "depends_on": [],
                    "primary": {
                        "id": "vpc-bf34ffda",
                        "attributes": {
                            "cidr_block": "10.140.0.0/16",
                            "default": "false",
                            "dhcp_options_id": "dopt-923625f0",
                            "enable_dns_hostnames": "false",
                            "enable_dns_support": "true",
                            "id": "vpc-bf34ffda",
                            "instance_tenancy": "default",
                            "state": "available",
                            "tags.%": "6",
                            "tags.Name": "test-eu-west-vpc",
                            "tags.mp:automation": "terraform",
                            "tags.mp:customer": "shd",
                            "tags.mp:owner": "PlatformEngineering",
                            "tags.mp:product": "test",
                            "tags.mp:service": "vpc"
                        },
                        "meta": {},
                        "tainted": false
                    },
                    "deposed": [],
                    "provider": "provider.aws"
                }
            },
            "depends_on": []
        }
    ]
}
